// !$*UTF8*$!
{
	archiveVersion = 1;
	classes = {
	};
	objectVersion = 46;
	objects = {

/* Begin PBXBuildFile section */
		167AD5CF58D287D597951668 /* Pods_MiddRides_iOSUITests.framework in Frameworks */ = {isa = PBXBuildFile; fileRef = 2BFA6F2405B1D49C5C1CCC79 /* Pods_MiddRides_iOSUITests.framework */; };
		CAC9BBB4AE6D657174B3AB18 /* Pods_MiddRides_iOS.framework in Frameworks */ = {isa = PBXBuildFile; fileRef = EBAAC7983D6C2539FC8EB5AC /* Pods_MiddRides_iOS.framework */; };
		D00FB09F4FAD4EBF4AEBFCC8 /* Pods_MiddRides_iOSTests.framework in Frameworks */ = {isa = PBXBuildFile; fileRef = 09404CABBE867351FD8384B6 /* Pods_MiddRides_iOSTests.framework */; };
		D021184B1EA0A5F800EE8C2D /* en-us.strings in Resources */ = {isa = PBXBuildFile; fileRef = D021184A1EA0A5F800EE8C2D /* en-us.strings */; };
		D021184D1EA0AE0B00EE8C2D /* RegisterViewController.swift in Sources */ = {isa = PBXBuildFile; fileRef = D021184C1EA0AE0B00EE8C2D /* RegisterViewController.swift */; };
		D02236C21EB5BB80004469C4 /* MainViewController.swift in Sources */ = {isa = PBXBuildFile; fileRef = D02236C11EB5BB80004469C4 /* MainViewController.swift */; };
		D036DE471E8E18A9002AB195 /* NetworkUtil.swift in Sources */ = {isa = PBXBuildFile; fileRef = D036DE461E8E18A9002AB195 /* NetworkUtil.swift */; };
		D036DE4A1E8E2267002AB195 /* Privacy.swift in Sources */ = {isa = PBXBuildFile; fileRef = D036DE491E8E2267002AB195 /* Privacy.swift */; };
		D057FF8A1E8DA4E700EB3479 /* AppDelegate.swift in Sources */ = {isa = PBXBuildFile; fileRef = D057FF891E8DA4E700EB3479 /* AppDelegate.swift */; };
		D057FF8C1E8DA4E700EB3479 /* LoginViewController.swift in Sources */ = {isa = PBXBuildFile; fileRef = D057FF8B1E8DA4E700EB3479 /* LoginViewController.swift */; };
		D057FF8F1E8DA4E700EB3479 /* Main.storyboard in Resources */ = {isa = PBXBuildFile; fileRef = D057FF8D1E8DA4E700EB3479 /* Main.storyboard */; };
		D057FF941E8DA4E700EB3479 /* LaunchScreen.storyboard in Resources */ = {isa = PBXBuildFile; fileRef = D057FF921E8DA4E700EB3479 /* LaunchScreen.storyboard */; };
		D057FF9F1E8DA4E700EB3479 /* MiddRides_iOSTests.swift in Sources */ = {isa = PBXBuildFile; fileRef = D057FF9E1E8DA4E700EB3479 /* MiddRides_iOSTests.swift */; };
		D057FFAA1E8DA4E700EB3479 /* MiddRides_iOSUITests.swift in Sources */ = {isa = PBXBuildFile; fileRef = D057FFA91E8DA4E700EB3479 /* MiddRides_iOSUITests.swift */; };
		D057FFBA1E8DA69E00EB3479 /* Constants.swift in Sources */ = {isa = PBXBuildFile; fileRef = D057FFB91E8DA69E00EB3479 /* Constants.swift */; };
		D08EC7401E8F65AB00941054 /* Assets.xcassets in Resources */ = {isa = PBXBuildFile; fileRef = D08EC73F1E8F65AB00941054 /* Assets.xcassets */; };
		D08EC7421E8F80DC00941054 /* DataUtil.swift in Sources */ = {isa = PBXBuildFile; fileRef = D08EC7411E8F80DC00941054 /* DataUtil.swift */; };
		D08EC7441E8F86D200941054 /* AppUtil.swift in Sources */ = {isa = PBXBuildFile; fileRef = D08EC7431E8F86D200941054 /* AppUtil.swift */; };
/* End PBXBuildFile section */

/* Begin PBXContainerItemProxy section */
		D057FF9B1E8DA4E700EB3479 /* PBXContainerItemProxy */ = {
			isa = PBXContainerItemProxy;
			containerPortal = D057FF7E1E8DA4E700EB3479 /* Project object */;
			proxyType = 1;
			remoteGlobalIDString = D057FF851E8DA4E700EB3479;
			remoteInfo = "MiddRides-iOS";
		};
		D057FFA61E8DA4E700EB3479 /* PBXContainerItemProxy */ = {
			isa = PBXContainerItemProxy;
			containerPortal = D057FF7E1E8DA4E700EB3479 /* Project object */;
			proxyType = 1;
			remoteGlobalIDString = D057FF851E8DA4E700EB3479;
			remoteInfo = "MiddRides-iOS";
		};
/* End PBXContainerItemProxy section */

/* Begin PBXFileReference section */
		09404CABBE867351FD8384B6 /* Pods_MiddRides_iOSTests.framework */ = {isa = PBXFileReference; explicitFileType = wrapper.framework; includeInIndex = 0; path = Pods_MiddRides_iOSTests.framework; sourceTree = BUILT_PRODUCTS_DIR; };
		2BFA6F2405B1D49C5C1CCC79 /* Pods_MiddRides_iOSUITests.framework */ = {isa = PBXFileReference; explicitFileType = wrapper.framework; includeInIndex = 0; path = Pods_MiddRides_iOSUITests.framework; sourceTree = BUILT_PRODUCTS_DIR; };
		3B476AAD5F01C274E7580BC2 /* Pods-MiddRides-iOSUITests.debug.xcconfig */ = {isa = PBXFileReference; includeInIndex = 1; lastKnownFileType = text.xcconfig; name = "Pods-MiddRides-iOSUITests.debug.xcconfig"; path = "Pods/Target Support Files/Pods-MiddRides-iOSUITests/Pods-MiddRides-iOSUITests.debug.xcconfig"; sourceTree = "<group>"; };
		6F93641D871920B0CEB7231F /* Pods-MiddRides-iOSTests.release.xcconfig */ = {isa = PBXFileReference; includeInIndex = 1; lastKnownFileType = text.xcconfig; name = "Pods-MiddRides-iOSTests.release.xcconfig"; path = "Pods/Target Support Files/Pods-MiddRides-iOSTests/Pods-MiddRides-iOSTests.release.xcconfig"; sourceTree = "<group>"; };
		710A4FEA153EBBE7BB6FDE2D /* Pods-MiddRides-iOS.debug.xcconfig */ = {isa = PBXFileReference; includeInIndex = 1; lastKnownFileType = text.xcconfig; name = "Pods-MiddRides-iOS.debug.xcconfig"; path = "Pods/Target Support Files/Pods-MiddRides-iOS/Pods-MiddRides-iOS.debug.xcconfig"; sourceTree = "<group>"; };
		7C1F68E9A5A3CCE63B540455 /* Pods-MiddRides-iOSTests.debug.xcconfig */ = {isa = PBXFileReference; includeInIndex = 1; lastKnownFileType = text.xcconfig; name = "Pods-MiddRides-iOSTests.debug.xcconfig"; path = "Pods/Target Support Files/Pods-MiddRides-iOSTests/Pods-MiddRides-iOSTests.debug.xcconfig"; sourceTree = "<group>"; };
		A1CF463D8C83A4A92F3D79FF /* Pods-MiddRides-iOSUITests.release.xcconfig */ = {isa = PBXFileReference; includeInIndex = 1; lastKnownFileType = text.xcconfig; name = "Pods-MiddRides-iOSUITests.release.xcconfig"; path = "Pods/Target Support Files/Pods-MiddRides-iOSUITests/Pods-MiddRides-iOSUITests.release.xcconfig"; sourceTree = "<group>"; };
		B66A322B6CE0FA6F495A3865 /* Pods-MiddRides-iOS.release.xcconfig */ = {isa = PBXFileReference; includeInIndex = 1; lastKnownFileType = text.xcconfig; name = "Pods-MiddRides-iOS.release.xcconfig"; path = "Pods/Target Support Files/Pods-MiddRides-iOS/Pods-MiddRides-iOS.release.xcconfig"; sourceTree = "<group>"; };
		D021184A1EA0A5F800EE8C2D /* en-us.strings */ = {isa = PBXFileReference; fileEncoding = 4; lastKnownFileType = text.plist.strings; path = "en-us.strings"; sourceTree = "<group>"; };
		D021184C1EA0AE0B00EE8C2D /* RegisterViewController.swift */ = {isa = PBXFileReference; fileEncoding = 4; lastKnownFileType = sourcecode.swift; path = RegisterViewController.swift; sourceTree = "<group>"; };
		D02236C11EB5BB80004469C4 /* MainViewController.swift */ = {isa = PBXFileReference; fileEncoding = 4; lastKnownFileType = sourcecode.swift; path = MainViewController.swift; sourceTree = "<group>"; };
		D036DE461E8E18A9002AB195 /* NetworkUtil.swift */ = {isa = PBXFileReference; fileEncoding = 4; lastKnownFileType = sourcecode.swift; path = NetworkUtil.swift; sourceTree = "<group>"; };
		D036DE491E8E2267002AB195 /* Privacy.swift */ = {isa = PBXFileReference; fileEncoding = 4; lastKnownFileType = sourcecode.swift; path = Privacy.swift; sourceTree = "<group>"; };
		D057FF861E8DA4E700EB3479 /* MiddRides-iOS.app */ = {isa = PBXFileReference; explicitFileType = wrapper.application; includeInIndex = 0; path = "MiddRides-iOS.app"; sourceTree = BUILT_PRODUCTS_DIR; };
		D057FF891E8DA4E700EB3479 /* AppDelegate.swift */ = {isa = PBXFileReference; lastKnownFileType = sourcecode.swift; path = AppDelegate.swift; sourceTree = "<group>"; };
		D057FF8B1E8DA4E700EB3479 /* LoginViewController.swift */ = {isa = PBXFileReference; lastKnownFileType = sourcecode.swift; path = LoginViewController.swift; sourceTree = "<group>"; };
		D057FF8E1E8DA4E700EB3479 /* Base */ = {isa = PBXFileReference; lastKnownFileType = file.storyboard; name = Base; path = Base.lproj/Main.storyboard; sourceTree = "<group>"; };
		D057FF931E8DA4E700EB3479 /* Base */ = {isa = PBXFileReference; lastKnownFileType = file.storyboard; name = Base; path = Base.lproj/LaunchScreen.storyboard; sourceTree = "<group>"; };
		D057FF951E8DA4E700EB3479 /* Info.plist */ = {isa = PBXFileReference; lastKnownFileType = text.plist.xml; path = Info.plist; sourceTree = "<group>"; };
		D057FF9A1E8DA4E700EB3479 /* MiddRides-iOSTests.xctest */ = {isa = PBXFileReference; explicitFileType = wrapper.cfbundle; includeInIndex = 0; path = "MiddRides-iOSTests.xctest"; sourceTree = BUILT_PRODUCTS_DIR; };
		D057FF9E1E8DA4E700EB3479 /* MiddRides_iOSTests.swift */ = {isa = PBXFileReference; lastKnownFileType = sourcecode.swift; path = MiddRides_iOSTests.swift; sourceTree = "<group>"; };
		D057FFA01E8DA4E700EB3479 /* Info.plist */ = {isa = PBXFileReference; lastKnownFileType = text.plist.xml; path = Info.plist; sourceTree = "<group>"; };
		D057FFA51E8DA4E700EB3479 /* MiddRides-iOSUITests.xctest */ = {isa = PBXFileReference; explicitFileType = wrapper.cfbundle; includeInIndex = 0; path = "MiddRides-iOSUITests.xctest"; sourceTree = BUILT_PRODUCTS_DIR; };
		D057FFA91E8DA4E700EB3479 /* MiddRides_iOSUITests.swift */ = {isa = PBXFileReference; lastKnownFileType = sourcecode.swift; path = MiddRides_iOSUITests.swift; sourceTree = "<group>"; };
		D057FFAB1E8DA4E700EB3479 /* Info.plist */ = {isa = PBXFileReference; lastKnownFileType = text.plist.xml; path = Info.plist; sourceTree = "<group>"; };
		D057FFB91E8DA69E00EB3479 /* Constants.swift */ = {isa = PBXFileReference; fileEncoding = 4; lastKnownFileType = sourcecode.swift; path = Constants.swift; sourceTree = "<group>"; };
		D08EC73F1E8F65AB00941054 /* Assets.xcassets */ = {isa = PBXFileReference; lastKnownFileType = folder.assetcatalog; path = Assets.xcassets; sourceTree = "<group>"; };
		D08EC7411E8F80DC00941054 /* DataUtil.swift */ = {isa = PBXFileReference; fileEncoding = 4; lastKnownFileType = sourcecode.swift; path = DataUtil.swift; sourceTree = "<group>"; };
		D08EC7431E8F86D200941054 /* AppUtil.swift */ = {isa = PBXFileReference; fileEncoding = 4; lastKnownFileType = sourcecode.swift; path = AppUtil.swift; sourceTree = "<group>"; };
		EBAAC7983D6C2539FC8EB5AC /* Pods_MiddRides_iOS.framework */ = {isa = PBXFileReference; explicitFileType = wrapper.framework; includeInIndex = 0; path = Pods_MiddRides_iOS.framework; sourceTree = BUILT_PRODUCTS_DIR; };
/* End PBXFileReference section */

/* Begin PBXFrameworksBuildPhase section */
		D057FF831E8DA4E700EB3479 /* Frameworks */ = {
			isa = PBXFrameworksBuildPhase;
			buildActionMask = 2147483647;
			files = (
				CAC9BBB4AE6D657174B3AB18 /* Pods_MiddRides_iOS.framework in Frameworks */,
			);
			runOnlyForDeploymentPostprocessing = 0;
		};
		D057FF971E8DA4E700EB3479 /* Frameworks */ = {
			isa = PBXFrameworksBuildPhase;
			buildActionMask = 2147483647;
			files = (
				D00FB09F4FAD4EBF4AEBFCC8 /* Pods_MiddRides_iOSTests.framework in Frameworks */,
			);
			runOnlyForDeploymentPostprocessing = 0;
		};
		D057FFA21E8DA4E700EB3479 /* Frameworks */ = {
			isa = PBXFrameworksBuildPhase;
			buildActionMask = 2147483647;
			files = (
				167AD5CF58D287D597951668 /* Pods_MiddRides_iOSUITests.framework in Frameworks */,
			);
			runOnlyForDeploymentPostprocessing = 0;
		};
/* End PBXFrameworksBuildPhase section */

/* Begin PBXGroup section */
		B5FA363A8E3F56D5AFB75C6B /* Frameworks */ = {
			isa = PBXGroup;
			children = (
				EBAAC7983D6C2539FC8EB5AC /* Pods_MiddRides_iOS.framework */,
				09404CABBE867351FD8384B6 /* Pods_MiddRides_iOSTests.framework */,
				2BFA6F2405B1D49C5C1CCC79 /* Pods_MiddRides_iOSUITests.framework */,
			);
			name = Frameworks;
			sourceTree = "<group>";
		};
		D036DE481E8E2257002AB195 /* Secrets */ = {
			isa = PBXGroup;
			children = (
				D036DE491E8E2267002AB195 /* Privacy.swift */,
			);
			name = Secrets;
			sourceTree = "<group>";
		};
		D057FF7D1E8DA4E700EB3479 = {
			isa = PBXGroup;
			children = (
				D057FF881E8DA4E700EB3479 /* MiddRides-iOS */,
				D057FF9D1E8DA4E700EB3479 /* MiddRides-iOSTests */,
				D057FFA81E8DA4E700EB3479 /* MiddRides-iOSUITests */,
				D057FF871E8DA4E700EB3479 /* Products */,
				F46E19EB7A2591114BCDFE5B /* Pods */,
				B5FA363A8E3F56D5AFB75C6B /* Frameworks */,
			);
			sourceTree = "<group>";
		};
		D057FF871E8DA4E700EB3479 /* Products */ = {
			isa = PBXGroup;
			children = (
				D057FF861E8DA4E700EB3479 /* MiddRides-iOS.app */,
				D057FF9A1E8DA4E700EB3479 /* MiddRides-iOSTests.xctest */,
				D057FFA51E8DA4E700EB3479 /* MiddRides-iOSUITests.xctest */,
			);
			name = Products;
			sourceTree = "<group>";
		};
		D057FF881E8DA4E700EB3479 /* MiddRides-iOS */ = {
			isa = PBXGroup;
			children = (
				D036DE481E8E2257002AB195 /* Secrets */,
				D057FFB81E8DA66800EB3479 /* Utils */,
				D057FFB71E8DA5EA00EB3479 /* ViewControllers */,
				D057FF891E8DA4E700EB3479 /* AppDelegate.swift */,
				D057FF8D1E8DA4E700EB3479 /* Main.storyboard */,
				D08EC73F1E8F65AB00941054 /* Assets.xcassets */,
				D057FF921E8DA4E700EB3479 /* LaunchScreen.storyboard */,
				D057FF951E8DA4E700EB3479 /* Info.plist */,
				D021184A1EA0A5F800EE8C2D /* en-us.strings */,
			);
			path = "MiddRides-iOS";
			sourceTree = "<group>";
		};
		D057FF9D1E8DA4E700EB3479 /* MiddRides-iOSTests */ = {
			isa = PBXGroup;
			children = (
				D057FF9E1E8DA4E700EB3479 /* MiddRides_iOSTests.swift */,
				D057FFA01E8DA4E700EB3479 /* Info.plist */,
			);
			path = "MiddRides-iOSTests";
			sourceTree = "<group>";
		};
		D057FFA81E8DA4E700EB3479 /* MiddRides-iOSUITests */ = {
			isa = PBXGroup;
			children = (
				D057FFA91E8DA4E700EB3479 /* MiddRides_iOSUITests.swift */,
				D057FFAB1E8DA4E700EB3479 /* Info.plist */,
			);
			path = "MiddRides-iOSUITests";
			sourceTree = "<group>";
		};
		D057FFB71E8DA5EA00EB3479 /* ViewControllers */ = {
			isa = PBXGroup;
			children = (
				D057FF8B1E8DA4E700EB3479 /* LoginViewController.swift */,
				D021184C1EA0AE0B00EE8C2D /* RegisterViewController.swift */,
				D02236C11EB5BB80004469C4 /* MainViewController.swift */,
			);
			name = ViewControllers;
			sourceTree = "<group>";
		};
		D057FFB81E8DA66800EB3479 /* Utils */ = {
			isa = PBXGroup;
			children = (
				D057FFB91E8DA69E00EB3479 /* Constants.swift */,
				D036DE461E8E18A9002AB195 /* NetworkUtil.swift */,
				D08EC7411E8F80DC00941054 /* DataUtil.swift */,
				D08EC7431E8F86D200941054 /* AppUtil.swift */,
			);
			name = Utils;
			sourceTree = "<group>";
		};
		F46E19EB7A2591114BCDFE5B /* Pods */ = {
			isa = PBXGroup;
			children = (
				710A4FEA153EBBE7BB6FDE2D /* Pods-MiddRides-iOS.debug.xcconfig */,
				B66A322B6CE0FA6F495A3865 /* Pods-MiddRides-iOS.release.xcconfig */,
				7C1F68E9A5A3CCE63B540455 /* Pods-MiddRides-iOSTests.debug.xcconfig */,
				6F93641D871920B0CEB7231F /* Pods-MiddRides-iOSTests.release.xcconfig */,
				3B476AAD5F01C274E7580BC2 /* Pods-MiddRides-iOSUITests.debug.xcconfig */,
				A1CF463D8C83A4A92F3D79FF /* Pods-MiddRides-iOSUITests.release.xcconfig */,
			);
			name = Pods;
			sourceTree = "<group>";
		};
/* End PBXGroup section */

/* Begin PBXNativeTarget section */
		D057FF851E8DA4E700EB3479 /* MiddRides-iOS */ = {
			isa = PBXNativeTarget;
			buildConfigurationList = D057FFAE1E8DA4E700EB3479 /* Build configuration list for PBXNativeTarget "MiddRides-iOS" */;
			buildPhases = (
				B833FD7BF507B5F7CF921940 /* [CP] Check Pods Manifest.lock */,
				D057FF821E8DA4E700EB3479 /* Sources */,
				D057FF831E8DA4E700EB3479 /* Frameworks */,
				D057FF841E8DA4E700EB3479 /* Resources */,
				93543C521A18B54CF433CD3E /* [CP] Embed Pods Frameworks */,
				E50B8E61FE6729EAA98B68EB /* [CP] Copy Pods Resources */,
			);
			buildRules = (
			);
			dependencies = (
			);
			name = "MiddRides-iOS";
			productName = "MiddRides-iOS";
			productReference = D057FF861E8DA4E700EB3479 /* MiddRides-iOS.app */;
			productType = "com.apple.product-type.application";
		};
		D057FF991E8DA4E700EB3479 /* MiddRides-iOSTests */ = {
			isa = PBXNativeTarget;
			buildConfigurationList = D057FFB11E8DA4E700EB3479 /* Build configuration list for PBXNativeTarget "MiddRides-iOSTests" */;
			buildPhases = (
				2294A1E66D806C0A22A06041 /* [CP] Check Pods Manifest.lock */,
				D057FF961E8DA4E700EB3479 /* Sources */,
				D057FF971E8DA4E700EB3479 /* Frameworks */,
				D057FF981E8DA4E700EB3479 /* Resources */,
				2629FF754AA02ECE2C73343E /* [CP] Embed Pods Frameworks */,
				78CD3231A9927EDDAF8BF16E /* [CP] Copy Pods Resources */,
			);
			buildRules = (
			);
			dependencies = (
				D057FF9C1E8DA4E700EB3479 /* PBXTargetDependency */,
			);
			name = "MiddRides-iOSTests";
			productName = "MiddRides-iOSTests";
			productReference = D057FF9A1E8DA4E700EB3479 /* MiddRides-iOSTests.xctest */;
			productType = "com.apple.product-type.bundle.unit-test";
		};
		D057FFA41E8DA4E700EB3479 /* MiddRides-iOSUITests */ = {
			isa = PBXNativeTarget;
			buildConfigurationList = D057FFB41E8DA4E700EB3479 /* Build configuration list for PBXNativeTarget "MiddRides-iOSUITests" */;
			buildPhases = (
				C904655CEBEB857C65113421 /* [CP] Check Pods Manifest.lock */,
				D057FFA11E8DA4E700EB3479 /* Sources */,
				D057FFA21E8DA4E700EB3479 /* Frameworks */,
				D057FFA31E8DA4E700EB3479 /* Resources */,
				07A35D5A0BA5B9E1328B6383 /* [CP] Embed Pods Frameworks */,
				4A525D680B213A25BC834F73 /* [CP] Copy Pods Resources */,
			);
			buildRules = (
			);
			dependencies = (
				D057FFA71E8DA4E700EB3479 /* PBXTargetDependency */,
			);
			name = "MiddRides-iOSUITests";
			productName = "MiddRides-iOSUITests";
			productReference = D057FFA51E8DA4E700EB3479 /* MiddRides-iOSUITests.xctest */;
			productType = "com.apple.product-type.bundle.ui-testing";
		};
/* End PBXNativeTarget section */

/* Begin PBXProject section */
		D057FF7E1E8DA4E700EB3479 /* Project object */ = {
			isa = PBXProject;
			attributes = {
				LastSwiftUpdateCheck = 0830;
				LastUpgradeCheck = 0830;
				ORGANIZATIONNAME = "Middle Endian";
				TargetAttributes = {
					D057FF851E8DA4E700EB3479 = {
						CreatedOnToolsVersion = 8.3;
						DevelopmentTeam = 7ESTDL6E7Z;
						ProvisioningStyle = Automatic;
					};
					D057FF991E8DA4E700EB3479 = {
						CreatedOnToolsVersion = 8.3;
						DevelopmentTeam = 7ESTDL6E7Z;
						ProvisioningStyle = Automatic;
						TestTargetID = D057FF851E8DA4E700EB3479;
					};
					D057FFA41E8DA4E700EB3479 = {
						CreatedOnToolsVersion = 8.3;
						DevelopmentTeam = 7ESTDL6E7Z;
						ProvisioningStyle = Automatic;
						TestTargetID = D057FF851E8DA4E700EB3479;
					};
				};
			};
			buildConfigurationList = D057FF811E8DA4E700EB3479 /* Build configuration list for PBXProject "MiddRides-iOS" */;
			compatibilityVersion = "Xcode 3.2";
			developmentRegion = English;
			hasScannedForEncodings = 0;
			knownRegions = (
				en,
				Base,
			);
			mainGroup = D057FF7D1E8DA4E700EB3479;
			productRefGroup = D057FF871E8DA4E700EB3479 /* Products */;
			projectDirPath = "";
			projectRoot = "";
			targets = (
				D057FF851E8DA4E700EB3479 /* MiddRides-iOS */,
				D057FF991E8DA4E700EB3479 /* MiddRides-iOSTests */,
				D057FFA41E8DA4E700EB3479 /* MiddRides-iOSUITests */,
			);
		};
/* End PBXProject section */

/* Begin PBXResourcesBuildPhase section */
		D057FF841E8DA4E700EB3479 /* Resources */ = {
			isa = PBXResourcesBuildPhase;
			buildActionMask = 2147483647;
			files = (
				D057FF941E8DA4E700EB3479 /* LaunchScreen.storyboard in Resources */,
				D021184B1EA0A5F800EE8C2D /* en-us.strings in Resources */,
				D08EC7401E8F65AB00941054 /* Assets.xcassets in Resources */,
				D057FF8F1E8DA4E700EB3479 /* Main.storyboard in Resources */,
			);
			runOnlyForDeploymentPostprocessing = 0;
		};
		D057FF981E8DA4E700EB3479 /* Resources */ = {
			isa = PBXResourcesBuildPhase;
			buildActionMask = 2147483647;
			files = (
			);
			runOnlyForDeploymentPostprocessing = 0;
		};
		D057FFA31E8DA4E700EB3479 /* Resources */ = {
			isa = PBXResourcesBuildPhase;
			buildActionMask = 2147483647;
			files = (
			);
			runOnlyForDeploymentPostprocessing = 0;
		};
/* End PBXResourcesBuildPhase section */

/* Begin PBXShellScriptBuildPhase section */
		07A35D5A0BA5B9E1328B6383 /* [CP] Embed Pods Frameworks */ = {
			isa = PBXShellScriptBuildPhase;
			buildActionMask = 2147483647;
			files = (
			);
			inputPaths = (
			);
			name = "[CP] Embed Pods Frameworks";
			outputPaths = (
			);
			runOnlyForDeploymentPostprocessing = 0;
			shellPath = /bin/sh;
			shellScript = "\"${SRCROOT}/Pods/Target Support Files/Pods-MiddRides-iOSUITests/Pods-MiddRides-iOSUITests-frameworks.sh\"\n";
			showEnvVarsInLog = 0;
		};
		2294A1E66D806C0A22A06041 /* [CP] Check Pods Manifest.lock */ = {
			isa = PBXShellScriptBuildPhase;
			buildActionMask = 2147483647;
			files = (
			);
			inputPaths = (
			);
			name = "[CP] Check Pods Manifest.lock";
			outputPaths = (
			);
			runOnlyForDeploymentPostprocessing = 0;
			shellPath = /bin/sh;
			shellScript = "diff \"${PODS_PODFILE_DIR_PATH}/Podfile.lock\" \"${PODS_ROOT}/Manifest.lock\" > /dev/null\nif [ $? != 0 ] ; then\n    # print error to STDERR\n    echo \"error: The sandbox is not in sync with the Podfile.lock. Run 'pod install' or update your CocoaPods installation.\" >&2\n    exit 1\nfi\n";
			showEnvVarsInLog = 0;
		};
		2629FF754AA02ECE2C73343E /* [CP] Embed Pods Frameworks */ = {
			isa = PBXShellScriptBuildPhase;
			buildActionMask = 2147483647;
			files = (
			);
			inputPaths = (
			);
			name = "[CP] Embed Pods Frameworks";
			outputPaths = (
			);
			runOnlyForDeploymentPostprocessing = 0;
			shellPath = /bin/sh;
			shellScript = "\"${SRCROOT}/Pods/Target Support Files/Pods-MiddRides-iOSTests/Pods-MiddRides-iOSTests-frameworks.sh\"\n";
			showEnvVarsInLog = 0;
		};
		4A525D680B213A25BC834F73 /* [CP] Copy Pods Resources */ = {
			isa = PBXShellScriptBuildPhase;
			buildActionMask = 2147483647;
			files = (
			);
			inputPaths = (
			);
			name = "[CP] Copy Pods Resources";
			outputPaths = (
			);
			runOnlyForDeploymentPostprocessing = 0;
			shellPath = /bin/sh;
			shellScript = "\"${SRCROOT}/Pods/Target Support Files/Pods-MiddRides-iOSUITests/Pods-MiddRides-iOSUITests-resources.sh\"\n";
			showEnvVarsInLog = 0;
		};
		78CD3231A9927EDDAF8BF16E /* [CP] Copy Pods Resources */ = {
			isa = PBXShellScriptBuildPhase;
			buildActionMask = 2147483647;
			files = (
			);
			inputPaths = (
			);
			name = "[CP] Copy Pods Resources";
			outputPaths = (
			);
			runOnlyForDeploymentPostprocessing = 0;
			shellPath = /bin/sh;
			shellScript = "\"${SRCROOT}/Pods/Target Support Files/Pods-MiddRides-iOSTests/Pods-MiddRides-iOSTests-resources.sh\"\n";
			showEnvVarsInLog = 0;
		};
		93543C521A18B54CF433CD3E /* [CP] Embed Pods Frameworks */ = {
			isa = PBXShellScriptBuildPhase;
			buildActionMask = 2147483647;
			files = (
			);
			inputPaths = (
			);
			name = "[CP] Embed Pods Frameworks";
			outputPaths = (
			);
			runOnlyForDeploymentPostprocessing = 0;
			shellPath = /bin/sh;
			shellScript = "\"${SRCROOT}/Pods/Target Support Files/Pods-MiddRides-iOS/Pods-MiddRides-iOS-frameworks.sh\"\n";
			showEnvVarsInLog = 0;
		};
		B833FD7BF507B5F7CF921940 /* [CP] Check Pods Manifest.lock */ = {
			isa = PBXShellScriptBuildPhase;
			buildActionMask = 2147483647;
			files = (
			);
			inputPaths = (
			);
			name = "[CP] Check Pods Manifest.lock";
			outputPaths = (
			);
			runOnlyForDeploymentPostprocessing = 0;
			shellPath = /bin/sh;
			shellScript = "diff \"${PODS_PODFILE_DIR_PATH}/Podfile.lock\" \"${PODS_ROOT}/Manifest.lock\" > /dev/null\nif [ $? != 0 ] ; then\n    # print error to STDERR\n    echo \"error: The sandbox is not in sync with the Podfile.lock. Run 'pod install' or update your CocoaPods installation.\" >&2\n    exit 1\nfi\n";
			showEnvVarsInLog = 0;
		};
		C904655CEBEB857C65113421 /* [CP] Check Pods Manifest.lock */ = {
			isa = PBXShellScriptBuildPhase;
			buildActionMask = 2147483647;
			files = (
			);
			inputPaths = (
			);
			name = "[CP] Check Pods Manifest.lock";
			outputPaths = (
			);
			runOnlyForDeploymentPostprocessing = 0;
			shellPath = /bin/sh;
			shellScript = "diff \"${PODS_PODFILE_DIR_PATH}/Podfile.lock\" \"${PODS_ROOT}/Manifest.lock\" > /dev/null\nif [ $? != 0 ] ; then\n    # print error to STDERR\n    echo \"error: The sandbox is not in sync with the Podfile.lock. Run 'pod install' or update your CocoaPods installation.\" >&2\n    exit 1\nfi\n";
			showEnvVarsInLog = 0;
		};
		E50B8E61FE6729EAA98B68EB /* [CP] Copy Pods Resources */ = {
			isa = PBXShellScriptBuildPhase;
			buildActionMask = 2147483647;
			files = (
			);
			inputPaths = (
			);
			name = "[CP] Copy Pods Resources";
			outputPaths = (
			);
			runOnlyForDeploymentPostprocessing = 0;
			shellPath = /bin/sh;
			shellScript = "\"${SRCROOT}/Pods/Target Support Files/Pods-MiddRides-iOS/Pods-MiddRides-iOS-resources.sh\"\n";
			showEnvVarsInLog = 0;
		};
/* End PBXShellScriptBuildPhase section */

/* Begin PBXSourcesBuildPhase section */
		D057FF821E8DA4E700EB3479 /* Sources */ = {
			isa = PBXSourcesBuildPhase;
			buildActionMask = 2147483647;
			files = (
				D036DE4A1E8E2267002AB195 /* Privacy.swift in Sources */,
				D08EC7421E8F80DC00941054 /* DataUtil.swift in Sources */,
				D08EC7441E8F86D200941054 /* AppUtil.swift in Sources */,
				D021184D1EA0AE0B00EE8C2D /* RegisterViewController.swift in Sources */,
				D036DE471E8E18A9002AB195 /* NetworkUtil.swift in Sources */,
				D057FF8C1E8DA4E700EB3479 /* LoginViewController.swift in Sources */,
				D02236C21EB5BB80004469C4 /* MainViewController.swift in Sources */,
				D057FFBA1E8DA69E00EB3479 /* Constants.swift in Sources */,
				D057FF8A1E8DA4E700EB3479 /* AppDelegate.swift in Sources */,
			);
			runOnlyForDeploymentPostprocessing = 0;
		};
		D057FF961E8DA4E700EB3479 /* Sources */ = {
			isa = PBXSourcesBuildPhase;
			buildActionMask = 2147483647;
			files = (
				D057FF9F1E8DA4E700EB3479 /* MiddRides_iOSTests.swift in Sources */,
			);
			runOnlyForDeploymentPostprocessing = 0;
		};
		D057FFA11E8DA4E700EB3479 /* Sources */ = {
			isa = PBXSourcesBuildPhase;
			buildActionMask = 2147483647;
			files = (
				D057FFAA1E8DA4E700EB3479 /* MiddRides_iOSUITests.swift in Sources */,
			);
			runOnlyForDeploymentPostprocessing = 0;
		};
/* End PBXSourcesBuildPhase section */

/* Begin PBXTargetDependency section */
		D057FF9C1E8DA4E700EB3479 /* PBXTargetDependency */ = {
			isa = PBXTargetDependency;
			target = D057FF851E8DA4E700EB3479 /* MiddRides-iOS */;
			targetProxy = D057FF9B1E8DA4E700EB3479 /* PBXContainerItemProxy */;
		};
		D057FFA71E8DA4E700EB3479 /* PBXTargetDependency */ = {
			isa = PBXTargetDependency;
			target = D057FF851E8DA4E700EB3479 /* MiddRides-iOS */;
			targetProxy = D057FFA61E8DA4E700EB3479 /* PBXContainerItemProxy */;
		};
/* End PBXTargetDependency section */

/* Begin PBXVariantGroup section */
		D057FF8D1E8DA4E700EB3479 /* Main.storyboard */ = {
			isa = PBXVariantGroup;
			children = (
				D057FF8E1E8DA4E700EB3479 /* Base */,
			);
			name = Main.storyboard;
			sourceTree = "<group>";
		};
		D057FF921E8DA4E700EB3479 /* LaunchScreen.storyboard */ = {
			isa = PBXVariantGroup;
			children = (
				D057FF931E8DA4E700EB3479 /* Base */,
			);
			name = LaunchScreen.storyboard;
			sourceTree = "<group>";
		};
/* End PBXVariantGroup section */

/* Begin XCBuildConfiguration section */
		D057FFAC1E8DA4E700EB3479 /* Debug */ = {
			isa = XCBuildConfiguration;
			buildSettings = {
				ALWAYS_SEARCH_USER_PATHS = NO;
				CLANG_ANALYZER_NONNULL = YES;
				CLANG_ANALYZER_NUMBER_OBJECT_CONVERSION = YES_AGGRESSIVE;
				CLANG_CXX_LANGUAGE_STANDARD = "gnu++0x";
				CLANG_CXX_LIBRARY = "libc++";
				CLANG_ENABLE_MODULES = YES;
				CLANG_ENABLE_OBJC_ARC = YES;
				CLANG_WARN_BOOL_CONVERSION = YES;
				CLANG_WARN_CONSTANT_CONVERSION = YES;
				CLANG_WARN_DIRECT_OBJC_ISA_USAGE = YES_ERROR;
				CLANG_WARN_DOCUMENTATION_COMMENTS = YES;
				CLANG_WARN_EMPTY_BODY = YES;
				CLANG_WARN_ENUM_CONVERSION = YES;
				CLANG_WARN_INFINITE_RECURSION = YES;
				CLANG_WARN_INT_CONVERSION = YES;
				CLANG_WARN_OBJC_ROOT_CLASS = YES_ERROR;
				CLANG_WARN_SUSPICIOUS_MOVE = YES;
				CLANG_WARN_UNREACHABLE_CODE = YES;
				CLANG_WARN__DUPLICATE_METHOD_MATCH = YES;
				"CODE_SIGN_IDENTITY[sdk=iphoneos*]" = "iPhone Developer";
				COPY_PHASE_STRIP = NO;
				DEBUG_INFORMATION_FORMAT = dwarf;
				ENABLE_STRICT_OBJC_MSGSEND = YES;
				ENABLE_TESTABILITY = YES;
				GCC_C_LANGUAGE_STANDARD = gnu99;
				GCC_DYNAMIC_NO_PIC = NO;
				GCC_NO_COMMON_BLOCKS = YES;
				GCC_OPTIMIZATION_LEVEL = 0;
				GCC_PREPROCESSOR_DEFINITIONS = (
					"DEBUG=1",
					"$(inherited)",
				);
				GCC_WARN_64_TO_32_BIT_CONVERSION = YES;
				GCC_WARN_ABOUT_RETURN_TYPE = YES_ERROR;
				GCC_WARN_UNDECLARED_SELECTOR = YES;
				GCC_WARN_UNINITIALIZED_AUTOS = YES_AGGRESSIVE;
				GCC_WARN_UNUSED_FUNCTION = YES;
				GCC_WARN_UNUSED_VARIABLE = YES;
				IPHONEOS_DEPLOYMENT_TARGET = 10.3;
				MTL_ENABLE_DEBUG_INFO = YES;
				ONLY_ACTIVE_ARCH = YES;
				SDKROOT = iphoneos;
				SWIFT_ACTIVE_COMPILATION_CONDITIONS = DEBUG;
				SWIFT_OPTIMIZATION_LEVEL = "-Onone";
			};
			name = Debug;
		};
		D057FFAD1E8DA4E700EB3479 /* Release */ = {
			isa = XCBuildConfiguration;
			buildSettings = {
				ALWAYS_SEARCH_USER_PATHS = NO;
				CLANG_ANALYZER_NONNULL = YES;
				CLANG_ANALYZER_NUMBER_OBJECT_CONVERSION = YES_AGGRESSIVE;
				CLANG_CXX_LANGUAGE_STANDARD = "gnu++0x";
				CLANG_CXX_LIBRARY = "libc++";
				CLANG_ENABLE_MODULES = YES;
				CLANG_ENABLE_OBJC_ARC = YES;
				CLANG_WARN_BOOL_CONVERSION = YES;
				CLANG_WARN_CONSTANT_CONVERSION = YES;
				CLANG_WARN_DIRECT_OBJC_ISA_USAGE = YES_ERROR;
				CLANG_WARN_DOCUMENTATION_COMMENTS = YES;
				CLANG_WARN_EMPTY_BODY = YES;
				CLANG_WARN_ENUM_CONVERSION = YES;
				CLANG_WARN_INFINITE_RECURSION = YES;
				CLANG_WARN_INT_CONVERSION = YES;
				CLANG_WARN_OBJC_ROOT_CLASS = YES_ERROR;
				CLANG_WARN_SUSPICIOUS_MOVE = YES;
				CLANG_WARN_UNREACHABLE_CODE = YES;
				CLANG_WARN__DUPLICATE_METHOD_MATCH = YES;
				"CODE_SIGN_IDENTITY[sdk=iphoneos*]" = "iPhone Developer";
				COPY_PHASE_STRIP = NO;
				DEBUG_INFORMATION_FORMAT = "dwarf-with-dsym";
				ENABLE_NS_ASSERTIONS = NO;
				ENABLE_STRICT_OBJC_MSGSEND = YES;
				GCC_C_LANGUAGE_STANDARD = gnu99;
				GCC_NO_COMMON_BLOCKS = YES;
				GCC_WARN_64_TO_32_BIT_CONVERSION = YES;
				GCC_WARN_ABOUT_RETURN_TYPE = YES_ERROR;
				GCC_WARN_UNDECLARED_SELECTOR = YES;
				GCC_WARN_UNINITIALIZED_AUTOS = YES_AGGRESSIVE;
				GCC_WARN_UNUSED_FUNCTION = YES;
				GCC_WARN_UNUSED_VARIABLE = YES;
				IPHONEOS_DEPLOYMENT_TARGET = 10.3;
				MTL_ENABLE_DEBUG_INFO = NO;
				SDKROOT = iphoneos;
				SWIFT_OPTIMIZATION_LEVEL = "-Owholemodule";
				VALIDATE_PRODUCT = YES;
			};
			name = Release;
		};
		D057FFAF1E8DA4E700EB3479 /* Debug */ = {
			isa = XCBuildConfiguration;
			baseConfigurationReference = 710A4FEA153EBBE7BB6FDE2D /* Pods-MiddRides-iOS.debug.xcconfig */;
			buildSettings = {
				ASSETCATALOG_COMPILER_APPICON_NAME = AppIcon;
				DEVELOPMENT_TEAM = 7ESTDL6E7Z;
				INFOPLIST_FILE = "MiddRides-iOS/Info.plist";
				LD_RUNPATH_SEARCH_PATHS = "$(inherited) @executable_path/Frameworks";
				PRODUCT_BUNDLE_IDENTIFIER = "com.middleendian.MiddRides-iOS";
				PRODUCT_NAME = "$(TARGET_NAME)";
				SWIFT_VERSION = 3.0;
			};
			name = Debug;
		};
		D057FFB01E8DA4E700EB3479 /* Release */ = {
			isa = XCBuildConfiguration;
			baseConfigurationReference = B66A322B6CE0FA6F495A3865 /* Pods-MiddRides-iOS.release.xcconfig */;
			buildSettings = {
				ASSETCATALOG_COMPILER_APPICON_NAME = AppIcon;
				DEVELOPMENT_TEAM = 7ESTDL6E7Z;
				INFOPLIST_FILE = "MiddRides-iOS/Info.plist";
				LD_RUNPATH_SEARCH_PATHS = "$(inherited) @executable_path/Frameworks";
				PRODUCT_BUNDLE_IDENTIFIER = "com.middleendian.MiddRides-iOS";
				PRODUCT_NAME = "$(TARGET_NAME)";
				SWIFT_VERSION = 3.0;
			};
			name = Release;
		};
		D057FFB21E8DA4E700EB3479 /* Debug */ = {
			isa = XCBuildConfiguration;
			baseConfigurationReference = 7C1F68E9A5A3CCE63B540455 /* Pods-MiddRides-iOSTests.debug.xcconfig */;
			buildSettings = {
				ALWAYS_EMBED_SWIFT_STANDARD_LIBRARIES = YES;
				BUNDLE_LOADER = "$(TEST_HOST)";
				DEVELOPMENT_TEAM = 7ESTDL6E7Z;
				INFOPLIST_FILE = "MiddRides-iOSTests/Info.plist";
				LD_RUNPATH_SEARCH_PATHS = "$(inherited) @executable_path/Frameworks @loader_path/Frameworks";
				PRODUCT_BUNDLE_IDENTIFIER = "com.middleendian.MiddRides-iOSTests";
				PRODUCT_NAME = "$(TARGET_NAME)";
				SWIFT_VERSION = 3.0;
				TEST_HOST = "$(BUILT_PRODUCTS_DIR)/MiddRides-iOS.app/MiddRides-iOS";
			};
			name = Debug;
		};
		D057FFB31E8DA4E700EB3479 /* Release */ = {
			isa = XCBuildConfiguration;
			baseConfigurationReference = 6F93641D871920B0CEB7231F /* Pods-MiddRides-iOSTests.release.xcconfig */;
			buildSettings = {
				ALWAYS_EMBED_SWIFT_STANDARD_LIBRARIES = YES;
				BUNDLE_LOADER = "$(TEST_HOST)";
				DEVELOPMENT_TEAM = 7ESTDL6E7Z;
				INFOPLIST_FILE = "MiddRides-iOSTests/Info.plist";
				LD_RUNPATH_SEARCH_PATHS = "$(inherited) @executable_path/Frameworks @loader_path/Frameworks";
				PRODUCT_BUNDLE_IDENTIFIER = "com.middleendian.MiddRides-iOSTests";
				PRODUCT_NAME = "$(TARGET_NAME)";
				SWIFT_VERSION = 3.0;
				TEST_HOST = "$(BUILT_PRODUCTS_DIR)/MiddRides-iOS.app/MiddRides-iOS";
			};
			name = Release;
		};
		D057FFB51E8DA4E700EB3479 /* Debug */ = {
			isa = XCBuildConfiguration;
			baseConfigurationReference = 3B476AAD5F01C274E7580BC2 /* Pods-MiddRides-iOSUITests.debug.xcconfig */;
			buildSettings = {
				ALWAYS_EMBED_SWIFT_STANDARD_LIBRARIES = YES;
				DEVELOPMENT_TEAM = 7ESTDL6E7Z;
				INFOPLIST_FILE = "MiddRides-iOSUITests/Info.plist";
				LD_RUNPATH_SEARCH_PATHS = "$(inherited) @executable_path/Frameworks @loader_path/Frameworks";
				PRODUCT_BUNDLE_IDENTIFIER = "com.middleendian.MiddRides-iOSUITests";
				PRODUCT_NAME = "$(TARGET_NAME)";
				SWIFT_VERSION = 3.0;
				TEST_TARGET_NAME = "MiddRides-iOS";
			};
			name = Debug;
		};
		D057FFB61E8DA4E700EB3479 /* Release */ = {
			isa = XCBuildConfiguration;
			baseConfigurationReference = A1CF463D8C83A4A92F3D79FF /* Pods-MiddRides-iOSUITests.release.xcconfig */;
			buildSettings = {
				ALWAYS_EMBED_SWIFT_STANDARD_LIBRARIES = YES;
				DEVELOPMENT_TEAM = 7ESTDL6E7Z;
				INFOPLIST_FILE = "MiddRides-iOSUITests/Info.plist";
				LD_RUNPATH_SEARCH_PATHS = "$(inherited) @executable_path/Frameworks @loader_path/Frameworks";
				PRODUCT_BUNDLE_IDENTIFIER = "com.middleendian.MiddRides-iOSUITests";
				PRODUCT_NAME = "$(TARGET_NAME)";
				SWIFT_VERSION = 3.0;
				TEST_TARGET_NAME = "MiddRides-iOS";
			};
			name = Release;
		};
/* End XCBuildConfiguration section */

/* Begin XCConfigurationList section */
		D057FF811E8DA4E700EB3479 /* Build configuration list for PBXProject "MiddRides-iOS" */ = {
			isa = XCConfigurationList;
			buildConfigurations = (
				D057FFAC1E8DA4E700EB3479 /* Debug */,
				D057FFAD1E8DA4E700EB3479 /* Release */,
			);
			defaultConfigurationIsVisible = 0;
			defaultConfigurationName = Release;
		};
		D057FFAE1E8DA4E700EB3479 /* Build configuration list for PBXNativeTarget "MiddRides-iOS" */ = {
			isa = XCConfigurationList;
			buildConfigurations = (
				D057FFAF1E8DA4E700EB3479 /* Debug */,
				D057FFB01E8DA4E700EB3479 /* Release */,
			);
			defaultConfigurationIsVisible = 0;
			defaultConfigurationName = Release;
		};
		D057FFB11E8DA4E700EB3479 /* Build configuration list for PBXNativeTarget "MiddRides-iOSTests" */ = {
			isa = XCConfigurationList;
			buildConfigurations = (
				D057FFB21E8DA4E700EB3479 /* Debug */,
				D057FFB31E8DA4E700EB3479 /* Release */,
			);
			defaultConfigurationIsVisible = 0;
			defaultConfigurationName = Release;
		};
		D057FFB41E8DA4E700EB3479 /* Build configuration list for PBXNativeTarget "MiddRides-iOSUITests" */ = {
			isa = XCConfigurationList;
			buildConfigurations = (
				D057FFB51E8DA4E700EB3479 /* Debug */,
				D057FFB61E8DA4E700EB3479 /* Release */,
			);
			defaultConfigurationIsVisible = 0;
			defaultConfigurationName = Release;
		};
/* End XCConfigurationList section */
	};
	rootObject = D057FF7E1E8DA4E700EB3479 /* Project object */;
}
